# This file is autogenerated, do not edit; changes may be undone by the next 'dep ensure'.


[[projects]]
  name = "github.com/go-sql-driver/mysql"
  packages = ["."]
  revision = "72cd26f257d44c1114970e19afddcd812016007e"
  version = "v1.4.1"

[[projects]]
  name = "github.com/jmoiron/sqlx"
  packages = [
    ".",
    "reflectx"
  ]
  revision = "d161d7a76b5661016ad0b085869f77fd410f3e6a"
  version = "v1.2.0"

[[projects]]
  name = "github.com/konsorten/go-windows-terminal-sequences"
  packages = ["."]
  revision = "f55edac94c9bbba5d6182a4be46d86a2c9b5b50e"
  version = "v1.0.2"

[[projects]]
  name = "github.com/mattn/go-colorable"
  packages = ["."]
  revision = "3a70a971f94a22f2fa562ffcc7a0eb45f5daf045"
  version = "v0.1.1"

[[projects]]
  name = "github.com/mattn/go-isatty"
  packages = ["."]
  revision = "c2a7a6ca930a4cd0bc33a3f298eb71960732a3a7"
  version = "v0.0.7"

[[projects]]
  branch = "master"
  name = "github.com/molotovtv/go-astilog"
  packages = ["."]
  revision = "0f547a0a27d9148d52a76b9a195bcd05d4b183e9"

[[projects]]
  branch = "master"
  name = "github.com/molotovtv/go-astimysql"
  packages = ["."]
  revision = "93d369eb61ff8de10c69f1aaebad2f7be7771124"

[[projects]]
  branch = "master"
  name = "github.com/molotovtv/go-astitools"
  packages = ["flag"]
  revision = "fff656fdefe43d783506e05887b956ebc66cd06d"

[[projects]]
  name = "github.com/pkg/errors"
  packages = ["."]
  revision = "ba968bfe8b2f7e042a574c888954fccecfa385b4"
  version = "v0.8.1"

[[projects]]
  name = "github.com/sirupsen/logrus"
  packages = ["."]
  revision = "8bdbc7bcc01dcbb8ec23dc8a28e332258d25251f"
  version = "v1.4.1"

[[projects]]
  branch = "master"
  name = "golang.org/x/crypto"
  packages = ["ssh/terminal"]
  revision = "cbcb750295291b33242907a04be40e80801d0cfc"

[[projects]]
  branch = "master"
  name = "golang.org/x/sys"
  packages = [
    "unix",
    "windows"
  ]
  revision = "a5b02f93d862f065920dd6a40dddc66b60d0dec4"

[[projects]]
  name = "google.golang.org/appengine"
  packages = ["cloudsql"]
  revision = "54a98f90d1c46b7731eb8fb305d2a321c30ef610"
  version = "v1.5.0"

[solve-meta]
  analyzer-name = "dep"
  analyzer-version = 1
  inputs-digest = "45731902e0050aea32d870ad8a6f84eba98be591736b7b90f4945d496573ffd7"
  solver-name = "gps-cdcl"
  solver-version = 1
